// !$*UTF8*$!
{
	archiveVersion = 1;
	classes = {
	};
	objectVersion = 48;
	objects = {

/* Begin PBXBuildFile section */
		454EAEAFDEF3DA5ED1D5B4BA /* Pods_SmartFitUITests.framework in Frameworks */ = {isa = PBXBuildFile; fileRef = EC35FD5737C09471109EA3F0 /* Pods_SmartFitUITests.framework */; };
		5107F05D20C9BF8000A94F28 /* heart.png in Resources */ = {isa = PBXBuildFile; fileRef = 5107F05C20C9BF7C00A94F28 /* heart.png */; };
		5107F05F20C9BF8B00A94F28 /* closed-heart.png in Resources */ = {isa = PBXBuildFile; fileRef = 5107F05E20C9BF8700A94F28 /* closed-heart.png */; };
		5107F06120C9BF9900A94F28 /* open-heart.png in Resources */ = {isa = PBXBuildFile; fileRef = 5107F06020C9BF9600A94F28 /* open-heart.png */; };
		510F215B20A3EE50008726E1 /* Mockup1-scan-icon-01.png in Resources */ = {isa = PBXBuildFile; fileRef = 510F215920A3EE50008726E1 /* Mockup1-scan-icon-01.png */; };
		510F215C20A3EE50008726E1 /* Mockup1-header-01.png in Resources */ = {isa = PBXBuildFile; fileRef = 510F215A20A3EE50008726E1 /* Mockup1-header-01.png */; };
		510F216920A3F011008726E1 /* tooPriceyA.png in Resources */ = {isa = PBXBuildFile; fileRef = 510F215D20A3EFFB008726E1 /* tooPriceyA.png */; };
		510F216A20A3F011008726E1 /* tooBigI.png in Resources */ = {isa = PBXBuildFile; fileRef = 510F215E20A3EFFD008726E1 /* tooBigI.png */; };
		510F216B20A3F011008726E1 /* tooSmallA.png in Resources */ = {isa = PBXBuildFile; fileRef = 510F215F20A3EFFE008726E1 /* tooSmallA.png */; };
		510F216C20A3F011008726E1 /* tooSmallI.png in Resources */ = {isa = PBXBuildFile; fileRef = 510F216020A3F000008726E1 /* tooSmallI.png */; };
		510F216D20A3F011008726E1 /* showSimilarA.png in Resources */ = {isa = PBXBuildFile; fileRef = 510F216120A3F001008726E1 /* showSimilarA.png */; };
		510F216E20A3F011008726E1 /* Mockup2-header-01.png in Resources */ = {isa = PBXBuildFile; fileRef = 510F216220A3F003008726E1 /* Mockup2-header-01.png */; };
		510F216F20A3F011008726E1 /* wrongColorA.png in Resources */ = {isa = PBXBuildFile; fileRef = 510F216320A3F005008726E1 /* wrongColorA.png */; };
		510F217020A3F011008726E1 /* showSimilarI.png in Resources */ = {isa = PBXBuildFile; fileRef = 510F216420A3F007008726E1 /* showSimilarI.png */; };
		510F217120A3F011008726E1 /* tooPriceyI.png in Resources */ = {isa = PBXBuildFile; fileRef = 510F216520A3F009008726E1 /* tooPriceyI.png */; };
		510F217220A3F011008726E1 /* Mockup2-footer-01.png in Resources */ = {isa = PBXBuildFile; fileRef = 510F216620A3F00B008726E1 /* Mockup2-footer-01.png */; };
		510F217320A3F011008726E1 /* wrongColorI.png in Resources */ = {isa = PBXBuildFile; fileRef = 510F216720A3F00D008726E1 /* wrongColorI.png */; };
		510F217420A3F011008726E1 /* tooBigA.png in Resources */ = {isa = PBXBuildFile; fileRef = 510F216820A3F00F008726E1 /* tooBigA.png */; };
		510F217620A3F372008726E1 /* Main.storyboard in Resources */ = {isa = PBXBuildFile; fileRef = 510F217520A3F372008726E1 /* Main.storyboard */; };
		510F217820A405EB008726E1 /* SuggestionViewController.swift in Sources */ = {isa = PBXBuildFile; fileRef = 510F217720A405EB008726E1 /* SuggestionViewController.swift */; };
		5112EDF3209A9D5900BA3BCC /* AppDelegate.swift in Sources */ = {isa = PBXBuildFile; fileRef = 5112EDF2209A9D5900BA3BCC /* AppDelegate.swift */; };
		5112EDF5209A9D5900BA3BCC /* SurveyViewController.swift in Sources */ = {isa = PBXBuildFile; fileRef = 5112EDF4209A9D5900BA3BCC /* SurveyViewController.swift */; };
		5112EDFB209A9D5900BA3BCC /* SmartFit.xcdatamodeld in Sources */ = {isa = PBXBuildFile; fileRef = 5112EDF9209A9D5900BA3BCC /* SmartFit.xcdatamodeld */; };
		5112EDFD209A9D5900BA3BCC /* Assets.xcassets in Resources */ = {isa = PBXBuildFile; fileRef = 5112EDFC209A9D5900BA3BCC /* Assets.xcassets */; };
		5112EE00209A9D5900BA3BCC /* LaunchScreen.storyboard in Resources */ = {isa = PBXBuildFile; fileRef = 5112EDFE209A9D5900BA3BCC /* LaunchScreen.storyboard */; };
		5112EE0B209A9D5900BA3BCC /* SmartFitTests.swift in Sources */ = {isa = PBXBuildFile; fileRef = 5112EE0A209A9D5900BA3BCC /* SmartFitTests.swift */; };
		5112EE16209A9D5900BA3BCC /* SmartFitUITests.swift in Sources */ = {isa = PBXBuildFile; fileRef = 5112EE15209A9D5900BA3BCC /* SmartFitUITests.swift */; };
		5112EE24209AA73900BA3BCC /* barcode.png in Resources */ = {isa = PBXBuildFile; fileRef = 5112EE23209AA73900BA3BCC /* barcode.png */; };
		515D86E820C33C18008914FA /* BarcodeViewController.swift in Sources */ = {isa = PBXBuildFile; fileRef = 515D86E720C33C18008914FA /* BarcodeViewController.swift */; };
		5176D41720A3EA8C00C2D401 /* GoogleService-Info.plist in Resources */ = {isa = PBXBuildFile; fileRef = 5176D41620A3EA8C00C2D401 /* GoogleService-Info.plist */; };
		72F7A7FFF3D14CE7E4C1C4C6 /* Pods_SmartFitTests.framework in Frameworks */ = {isa = PBXBuildFile; fileRef = 47A977F7B09748628465BB1A /* Pods_SmartFitTests.framework */; };
		90AB276347EE17887388FEED /* Pods_SmartFit.framework in Frameworks */ = {isa = PBXBuildFile; fileRef = 1E23BEAFC106F2419546AECA /* Pods_SmartFit.framework */; };
/* End PBXBuildFile section */

/* Begin PBXContainerItemProxy section */
		5112EE07209A9D5900BA3BCC /* PBXContainerItemProxy */ = {
			isa = PBXContainerItemProxy;
			containerPortal = 5112EDE7209A9D5900BA3BCC /* Project object */;
			proxyType = 1;
			remoteGlobalIDString = 5112EDEE209A9D5900BA3BCC;
			remoteInfo = SmartFit;
		};
		5112EE12209A9D5900BA3BCC /* PBXContainerItemProxy */ = {
			isa = PBXContainerItemProxy;
			containerPortal = 5112EDE7209A9D5900BA3BCC /* Project object */;
			proxyType = 1;
			remoteGlobalIDString = 5112EDEE209A9D5900BA3BCC;
			remoteInfo = SmartFit;
		};
/* End PBXContainerItemProxy section */

/* Begin PBXFileReference section */
		01C4611798948BA297754437 /* Pods-SmartFit.debug.xcconfig */ = {isa = PBXFileReference; includeInIndex = 1; lastKnownFileType = text.xcconfig; name = "Pods-SmartFit.debug.xcconfig"; path = "Pods/Target Support Files/Pods-SmartFit/Pods-SmartFit.debug.xcconfig"; sourceTree = "<group>"; };
		0975E8E189BC7D029FA9DF3E /* Pods-SmartFitTests.debug.xcconfig */ = {isa = PBXFileReference; includeInIndex = 1; lastKnownFileType = text.xcconfig; name = "Pods-SmartFitTests.debug.xcconfig"; path = "Pods/Target Support Files/Pods-SmartFitTests/Pods-SmartFitTests.debug.xcconfig"; sourceTree = "<group>"; };
		1E23BEAFC106F2419546AECA /* Pods_SmartFit.framework */ = {isa = PBXFileReference; explicitFileType = wrapper.framework; includeInIndex = 0; path = Pods_SmartFit.framework; sourceTree = BUILT_PRODUCTS_DIR; };
		29AF135CD72A92E338859950 /* Pods-SmartFitUITests.debug.xcconfig */ = {isa = PBXFileReference; includeInIndex = 1; lastKnownFileType = text.xcconfig; name = "Pods-SmartFitUITests.debug.xcconfig"; path = "Pods/Target Support Files/Pods-SmartFitUITests/Pods-SmartFitUITests.debug.xcconfig"; sourceTree = "<group>"; };
		47A977F7B09748628465BB1A /* Pods_SmartFitTests.framework */ = {isa = PBXFileReference; explicitFileType = wrapper.framework; includeInIndex = 0; path = Pods_SmartFitTests.framework; sourceTree = BUILT_PRODUCTS_DIR; };
		4EB538FFCC8249A03F9F521B /* Pods-SmartFit.release.xcconfig */ = {isa = PBXFileReference; includeInIndex = 1; lastKnownFileType = text.xcconfig; name = "Pods-SmartFit.release.xcconfig"; path = "Pods/Target Support Files/Pods-SmartFit/Pods-SmartFit.release.xcconfig"; sourceTree = "<group>"; };
		5107F05C20C9BF7C00A94F28 /* heart.png */ = {isa = PBXFileReference; lastKnownFileType = image.png; path = heart.png; sourceTree = "<group>"; };
		5107F05E20C9BF8700A94F28 /* closed-heart.png */ = {isa = PBXFileReference; lastKnownFileType = image.png; path = "closed-heart.png"; sourceTree = "<group>"; };
		5107F06020C9BF9600A94F28 /* open-heart.png */ = {isa = PBXFileReference; lastKnownFileType = image.png; path = "open-heart.png"; sourceTree = "<group>"; };
		510F215920A3EE50008726E1 /* Mockup1-scan-icon-01.png */ = {isa = PBXFileReference; lastKnownFileType = image.png; path = "Mockup1-scan-icon-01.png"; sourceTree = "<group>"; };
		510F215A20A3EE50008726E1 /* Mockup1-header-01.png */ = {isa = PBXFileReference; lastKnownFileType = image.png; path = "Mockup1-header-01.png"; sourceTree = "<group>"; };
		510F215D20A3EFFB008726E1 /* tooPriceyA.png */ = {isa = PBXFileReference; lastKnownFileType = image.png; path = tooPriceyA.png; sourceTree = "<group>"; };
		510F215E20A3EFFD008726E1 /* tooBigI.png */ = {isa = PBXFileReference; lastKnownFileType = image.png; path = tooBigI.png; sourceTree = "<group>"; };
		510F215F20A3EFFE008726E1 /* tooSmallA.png */ = {isa = PBXFileReference; lastKnownFileType = image.png; path = tooSmallA.png; sourceTree = "<group>"; };
		510F216020A3F000008726E1 /* tooSmallI.png */ = {isa = PBXFileReference; lastKnownFileType = image.png; path = tooSmallI.png; sourceTree = "<group>"; };
		510F216120A3F001008726E1 /* showSimilarA.png */ = {isa = PBXFileReference; lastKnownFileType = image.png; path = showSimilarA.png; sourceTree = "<group>"; };
		510F216220A3F003008726E1 /* Mockup2-header-01.png */ = {isa = PBXFileReference; lastKnownFileType = image.png; path = "Mockup2-header-01.png"; sourceTree = "<group>"; };
		510F216320A3F005008726E1 /* wrongColorA.png */ = {isa = PBXFileReference; lastKnownFileType = image.png; path = wrongColorA.png; sourceTree = "<group>"; };
		510F216420A3F007008726E1 /* showSimilarI.png */ = {isa = PBXFileReference; lastKnownFileType = image.png; path = showSimilarI.png; sourceTree = "<group>"; };
		510F216520A3F009008726E1 /* tooPriceyI.png */ = {isa = PBXFileReference; lastKnownFileType = image.png; path = tooPriceyI.png; sourceTree = "<group>"; };
		510F216620A3F00B008726E1 /* Mockup2-footer-01.png */ = {isa = PBXFileReference; lastKnownFileType = image.png; path = "Mockup2-footer-01.png"; sourceTree = "<group>"; };
		510F216720A3F00D008726E1 /* wrongColorI.png */ = {isa = PBXFileReference; lastKnownFileType = image.png; path = wrongColorI.png; sourceTree = "<group>"; };
		510F216820A3F00F008726E1 /* tooBigA.png */ = {isa = PBXFileReference; lastKnownFileType = image.png; path = tooBigA.png; sourceTree = "<group>"; };
		510F217520A3F372008726E1 /* Main.storyboard */ = {isa = PBXFileReference; fileEncoding = 4; lastKnownFileType = file.storyboard; path = Main.storyboard; sourceTree = "<group>"; };
		510F217720A405EB008726E1 /* SuggestionViewController.swift */ = {isa = PBXFileReference; lastKnownFileType = sourcecode.swift; path = SuggestionViewController.swift; sourceTree = "<group>"; };
		5112EDEF209A9D5900BA3BCC /* SmartFit.app */ = {isa = PBXFileReference; explicitFileType = wrapper.application; includeInIndex = 0; path = SmartFit.app; sourceTree = BUILT_PRODUCTS_DIR; };
		5112EDF2209A9D5900BA3BCC /* AppDelegate.swift */ = {isa = PBXFileReference; lastKnownFileType = sourcecode.swift; path = AppDelegate.swift; sourceTree = "<group>"; };
		5112EDF4209A9D5900BA3BCC /* SurveyViewController.swift */ = {isa = PBXFileReference; lastKnownFileType = sourcecode.swift; path = SurveyViewController.swift; sourceTree = "<group>"; };
		5112EDFA209A9D5900BA3BCC /* SmartFit.xcdatamodel */ = {isa = PBXFileReference; lastKnownFileType = wrapper.xcdatamodel; path = SmartFit.xcdatamodel; sourceTree = "<group>"; };
		5112EDFC209A9D5900BA3BCC /* Assets.xcassets */ = {isa = PBXFileReference; lastKnownFileType = folder.assetcatalog; path = Assets.xcassets; sourceTree = "<group>"; };
		5112EDFF209A9D5900BA3BCC /* Base */ = {isa = PBXFileReference; lastKnownFileType = file.storyboard; name = Base; path = Base.lproj/LaunchScreen.storyboard; sourceTree = "<group>"; };
		5112EE01209A9D5900BA3BCC /* Info.plist */ = {isa = PBXFileReference; lastKnownFileType = text.plist.xml; path = Info.plist; sourceTree = "<group>"; };
		5112EE06209A9D5900BA3BCC /* SmartFitTests.xctest */ = {isa = PBXFileReference; explicitFileType = wrapper.cfbundle; includeInIndex = 0; path = SmartFitTests.xctest; sourceTree = BUILT_PRODUCTS_DIR; };
		5112EE0A209A9D5900BA3BCC /* SmartFitTests.swift */ = {isa = PBXFileReference; lastKnownFileType = sourcecode.swift; path = SmartFitTests.swift; sourceTree = "<group>"; };
		5112EE0C209A9D5900BA3BCC /* Info.plist */ = {isa = PBXFileReference; lastKnownFileType = text.plist.xml; path = Info.plist; sourceTree = "<group>"; };
		5112EE11209A9D5900BA3BCC /* SmartFitUITests.xctest */ = {isa = PBXFileReference; explicitFileType = wrapper.cfbundle; includeInIndex = 0; path = SmartFitUITests.xctest; sourceTree = BUILT_PRODUCTS_DIR; };
		5112EE15209A9D5900BA3BCC /* SmartFitUITests.swift */ = {isa = PBXFileReference; lastKnownFileType = sourcecode.swift; path = SmartFitUITests.swift; sourceTree = "<group>"; };
		5112EE17209A9D5900BA3BCC /* Info.plist */ = {isa = PBXFileReference; lastKnownFileType = text.plist.xml; path = Info.plist; sourceTree = "<group>"; };
		5112EE23209AA73900BA3BCC /* barcode.png */ = {isa = PBXFileReference; lastKnownFileType = image.png; path = barcode.png; sourceTree = "<group>"; };
		515D86E720C33C18008914FA /* BarcodeViewController.swift */ = {isa = PBXFileReference; lastKnownFileType = sourcecode.swift; path = BarcodeViewController.swift; sourceTree = "<group>"; };
		5176D41620A3EA8C00C2D401 /* GoogleService-Info.plist */ = {isa = PBXFileReference; fileEncoding = 4; lastKnownFileType = text.plist.xml; path = "GoogleService-Info.plist"; sourceTree = "<group>"; };
		AF6C7FF866C0E285D5DE96C2 /* Pods-SmartFitUITests.release.xcconfig */ = {isa = PBXFileReference; includeInIndex = 1; lastKnownFileType = text.xcconfig; name = "Pods-SmartFitUITests.release.xcconfig"; path = "Pods/Target Support Files/Pods-SmartFitUITests/Pods-SmartFitUITests.release.xcconfig"; sourceTree = "<group>"; };
		DD32DA4566B46008714B5EEA /* Pods-SmartFitTests.release.xcconfig */ = {isa = PBXFileReference; includeInIndex = 1; lastKnownFileType = text.xcconfig; name = "Pods-SmartFitTests.release.xcconfig"; path = "Pods/Target Support Files/Pods-SmartFitTests/Pods-SmartFitTests.release.xcconfig"; sourceTree = "<group>"; };
		EC35FD5737C09471109EA3F0 /* Pods_SmartFitUITests.framework */ = {isa = PBXFileReference; explicitFileType = wrapper.framework; includeInIndex = 0; path = Pods_SmartFitUITests.framework; sourceTree = BUILT_PRODUCTS_DIR; };
/* End PBXFileReference section */

/* Begin PBXFrameworksBuildPhase section */
		5112EDEC209A9D5900BA3BCC /* Frameworks */ = {
			isa = PBXFrameworksBuildPhase;
			buildActionMask = 2147483647;
			files = (
				90AB276347EE17887388FEED /* Pods_SmartFit.framework in Frameworks */,
			);
			runOnlyForDeploymentPostprocessing = 0;
		};
		5112EE03209A9D5900BA3BCC /* Frameworks */ = {
			isa = PBXFrameworksBuildPhase;
			buildActionMask = 2147483647;
			files = (
				72F7A7FFF3D14CE7E4C1C4C6 /* Pods_SmartFitTests.framework in Frameworks */,
			);
			runOnlyForDeploymentPostprocessing = 0;
		};
		5112EE0E209A9D5900BA3BCC /* Frameworks */ = {
			isa = PBXFrameworksBuildPhase;
			buildActionMask = 2147483647;
			files = (
				454EAEAFDEF3DA5ED1D5B4BA /* Pods_SmartFitUITests.framework in Frameworks */,
			);
			runOnlyForDeploymentPostprocessing = 0;
		};
/* End PBXFrameworksBuildPhase section */

/* Begin PBXGroup section */
		0A50034A211CD84CECB9E18B /* Frameworks */ = {
			isa = PBXGroup;
			children = (
				1E23BEAFC106F2419546AECA /* Pods_SmartFit.framework */,
				47A977F7B09748628465BB1A /* Pods_SmartFitTests.framework */,
				EC35FD5737C09471109EA3F0 /* Pods_SmartFitUITests.framework */,
			);
			name = Frameworks;
			sourceTree = "<group>";
		};
		5112EDE6209A9D5900BA3BCC = {
			isa = PBXGroup;
			children = (
				5112EDF1209A9D5900BA3BCC /* SmartFit */,
				5112EE09209A9D5900BA3BCC /* SmartFitTests */,
				5112EE14209A9D5900BA3BCC /* SmartFitUITests */,
				5112EDF0209A9D5900BA3BCC /* Products */,
				A46720BFA4EE8AF033C0B315 /* Pods */,
				0A50034A211CD84CECB9E18B /* Frameworks */,
			);
			sourceTree = "<group>";
		};
		5112EDF0209A9D5900BA3BCC /* Products */ = {
			isa = PBXGroup;
			children = (
				5112EDEF209A9D5900BA3BCC /* SmartFit.app */,
				5112EE06209A9D5900BA3BCC /* SmartFitTests.xctest */,
				5112EE11209A9D5900BA3BCC /* SmartFitUITests.xctest */,
			);
			name = Products;
			sourceTree = "<group>";
		};
		5112EDF1209A9D5900BA3BCC /* SmartFit */ = {
			isa = PBXGroup;
			children = (
				5112EDF2209A9D5900BA3BCC /* AppDelegate.swift */,
				510F217520A3F372008726E1 /* Main.storyboard */,
				515D86E720C33C18008914FA /* BarcodeViewController.swift */,
				5112EDF4209A9D5900BA3BCC /* SurveyViewController.swift */,
				510F217720A405EB008726E1 /* SuggestionViewController.swift */,
				5112EDFC209A9D5900BA3BCC /* Assets.xcassets */,
				5112EE23209AA73900BA3BCC /* barcode.png */,
				510F215A20A3EE50008726E1 /* Mockup1-header-01.png */,
				510F215920A3EE50008726E1 /* Mockup1-scan-icon-01.png */,
				510F216620A3F00B008726E1 /* Mockup2-footer-01.png */,
				510F216220A3F003008726E1 /* Mockup2-header-01.png */,
				510F216120A3F001008726E1 /* showSimilarA.png */,
				510F216420A3F007008726E1 /* showSimilarI.png */,
				510F216820A3F00F008726E1 /* tooBigA.png */,
				510F215E20A3EFFD008726E1 /* tooBigI.png */,
				510F215D20A3EFFB008726E1 /* tooPriceyA.png */,
				510F216520A3F009008726E1 /* tooPriceyI.png */,
				510F215F20A3EFFE008726E1 /* tooSmallA.png */,
				510F216020A3F000008726E1 /* tooSmallI.png */,
				510F216320A3F005008726E1 /* wrongColorA.png */,
				510F216720A3F00D008726E1 /* wrongColorI.png */,
				5107F05C20C9BF7C00A94F28 /* heart.png */,
				5107F06020C9BF9600A94F28 /* open-heart.png */,
				5107F05E20C9BF8700A94F28 /* closed-heart.png */,
				5112EDFE209A9D5900BA3BCC /* LaunchScreen.storyboard */,
				5112EE01209A9D5900BA3BCC /* Info.plist */,
				5176D41620A3EA8C00C2D401 /* GoogleService-Info.plist */,
				5112EDF9209A9D5900BA3BCC /* SmartFit.xcdatamodeld */,
			);
			path = SmartFit;
			sourceTree = "<group>";
		};
		5112EE09209A9D5900BA3BCC /* SmartFitTests */ = {
			isa = PBXGroup;
			children = (
				5112EE0A209A9D5900BA3BCC /* SmartFitTests.swift */,
				5112EE0C209A9D5900BA3BCC /* Info.plist */,
			);
			path = SmartFitTests;
			sourceTree = "<group>";
		};
		5112EE14209A9D5900BA3BCC /* SmartFitUITests */ = {
			isa = PBXGroup;
			children = (
				5112EE15209A9D5900BA3BCC /* SmartFitUITests.swift */,
				5112EE17209A9D5900BA3BCC /* Info.plist */,
			);
			path = SmartFitUITests;
			sourceTree = "<group>";
		};
		A46720BFA4EE8AF033C0B315 /* Pods */ = {
			isa = PBXGroup;
			children = (
				01C4611798948BA297754437 /* Pods-SmartFit.debug.xcconfig */,
				4EB538FFCC8249A03F9F521B /* Pods-SmartFit.release.xcconfig */,
				0975E8E189BC7D029FA9DF3E /* Pods-SmartFitTests.debug.xcconfig */,
				DD32DA4566B46008714B5EEA /* Pods-SmartFitTests.release.xcconfig */,
				29AF135CD72A92E338859950 /* Pods-SmartFitUITests.debug.xcconfig */,
				AF6C7FF866C0E285D5DE96C2 /* Pods-SmartFitUITests.release.xcconfig */,
			);
			name = Pods;
			sourceTree = "<group>";
		};
/* End PBXGroup section */

/* Begin PBXNativeTarget section */
		5112EDEE209A9D5900BA3BCC /* SmartFit */ = {
			isa = PBXNativeTarget;
			buildConfigurationList = 5112EE1A209A9D5A00BA3BCC /* Build configuration list for PBXNativeTarget "SmartFit" */;
			buildPhases = (
				312BBCF4A35E1E968849A5A8 /* [CP] Check Pods Manifest.lock */,
				5112EDEB209A9D5900BA3BCC /* Sources */,
				5112EDEC209A9D5900BA3BCC /* Frameworks */,
				5112EDED209A9D5900BA3BCC /* Resources */,
			);
			buildRules = (
			);
			dependencies = (
			);
			name = SmartFit;
			productName = SmartFit;
			productReference = 5112EDEF209A9D5900BA3BCC /* SmartFit.app */;
			productType = "com.apple.product-type.application";
		};
		5112EE05209A9D5900BA3BCC /* SmartFitTests */ = {
			isa = PBXNativeTarget;
			buildConfigurationList = 5112EE1D209A9D5A00BA3BCC /* Build configuration list for PBXNativeTarget "SmartFitTests" */;
			buildPhases = (
				5A90E15E392E0FFAC1CB4FAD /* [CP] Check Pods Manifest.lock */,
				5112EE02209A9D5900BA3BCC /* Sources */,
				5112EE03209A9D5900BA3BCC /* Frameworks */,
				5112EE04209A9D5900BA3BCC /* Resources */,
			);
			buildRules = (
			);
			dependencies = (
				5112EE08209A9D5900BA3BCC /* PBXTargetDependency */,
			);
			name = SmartFitTests;
			productName = SmartFitTests;
			productReference = 5112EE06209A9D5900BA3BCC /* SmartFitTests.xctest */;
			productType = "com.apple.product-type.bundle.unit-test";
		};
		5112EE10209A9D5900BA3BCC /* SmartFitUITests */ = {
			isa = PBXNativeTarget;
			buildConfigurationList = 5112EE20209A9D5A00BA3BCC /* Build configuration list for PBXNativeTarget "SmartFitUITests" */;
			buildPhases = (
				6551966356B61B5C50C35D8B /* [CP] Check Pods Manifest.lock */,
				5112EE0D209A9D5900BA3BCC /* Sources */,
				5112EE0E209A9D5900BA3BCC /* Frameworks */,
				5112EE0F209A9D5900BA3BCC /* Resources */,
			);
			buildRules = (
			);
			dependencies = (
				5112EE13209A9D5900BA3BCC /* PBXTargetDependency */,
			);
			name = SmartFitUITests;
			productName = SmartFitUITests;
			productReference = 5112EE11209A9D5900BA3BCC /* SmartFitUITests.xctest */;
			productType = "com.apple.product-type.bundle.ui-testing";
		};
/* End PBXNativeTarget section */

/* Begin PBXProject section */
		5112EDE7209A9D5900BA3BCC /* Project object */ = {
			isa = PBXProject;
			attributes = {
				LastSwiftUpdateCheck = 0920;
				LastUpgradeCheck = 0920;
				ORGANIZATIONNAME = "SIMRAN KASHYAP";
				TargetAttributes = {
					5112EDEE209A9D5900BA3BCC = {
						CreatedOnToolsVersion = 9.2;
						ProvisioningStyle = Automatic;
					};
					5112EE05209A9D5900BA3BCC = {
						CreatedOnToolsVersion = 9.2;
						ProvisioningStyle = Automatic;
						TestTargetID = 5112EDEE209A9D5900BA3BCC;
					};
					5112EE10209A9D5900BA3BCC = {
						CreatedOnToolsVersion = 9.2;
						ProvisioningStyle = Automatic;
						TestTargetID = 5112EDEE209A9D5900BA3BCC;
					};
				};
			};
			buildConfigurationList = 5112EDEA209A9D5900BA3BCC /* Build configuration list for PBXProject "SmartFit" */;
			compatibilityVersion = "Xcode 8.0";
			developmentRegion = en;
			hasScannedForEncodings = 0;
			knownRegions = (
				en,
				Base,
			);
			mainGroup = 5112EDE6209A9D5900BA3BCC;
			productRefGroup = 5112EDF0209A9D5900BA3BCC /* Products */;
			projectDirPath = "";
			projectRoot = "";
			targets = (
				5112EDEE209A9D5900BA3BCC /* SmartFit */,
				5112EE05209A9D5900BA3BCC /* SmartFitTests */,
				5112EE10209A9D5900BA3BCC /* SmartFitUITests */,
			);
		};
/* End PBXProject section */

/* Begin PBXResourcesBuildPhase section */
		5112EDED209A9D5900BA3BCC /* Resources */ = {
			isa = PBXResourcesBuildPhase;
			buildActionMask = 2147483647;
			files = (
				510F216A20A3F011008726E1 /* tooBigI.png in Resources */,
				510F216D20A3F011008726E1 /* showSimilarA.png in Resources */,
				5107F06120C9BF9900A94F28 /* open-heart.png in Resources */,
				510F216E20A3F011008726E1 /* Mockup2-header-01.png in Resources */,
				510F216B20A3F011008726E1 /* tooSmallA.png in Resources */,
				510F216F20A3F011008726E1 /* wrongColorA.png in Resources */,
				510F217020A3F011008726E1 /* showSimilarI.png in Resources */,
				5112EE00209A9D5900BA3BCC /* LaunchScreen.storyboard in Resources */,
				510F215B20A3EE50008726E1 /* Mockup1-scan-icon-01.png in Resources */,
				5112EDFD209A9D5900BA3BCC /* Assets.xcassets in Resources */,
				5176D41720A3EA8C00C2D401 /* GoogleService-Info.plist in Resources */,
				510F215C20A3EE50008726E1 /* Mockup1-header-01.png in Resources */,
				510F217320A3F011008726E1 /* wrongColorI.png in Resources */,
				5107F05D20C9BF8000A94F28 /* heart.png in Resources */,
				510F217420A3F011008726E1 /* tooBigA.png in Resources */,
				5107F05F20C9BF8B00A94F28 /* closed-heart.png in Resources */,
				5112EE24209AA73900BA3BCC /* barcode.png in Resources */,
				510F217120A3F011008726E1 /* tooPriceyI.png in Resources */,
				510F216920A3F011008726E1 /* tooPriceyA.png in Resources */,
				510F217220A3F011008726E1 /* Mockup2-footer-01.png in Resources */,
				510F217620A3F372008726E1 /* Main.storyboard in Resources */,
				510F216C20A3F011008726E1 /* tooSmallI.png in Resources */,
			);
			runOnlyForDeploymentPostprocessing = 0;
		};
		5112EE04209A9D5900BA3BCC /* Resources */ = {
			isa = PBXResourcesBuildPhase;
			buildActionMask = 2147483647;
			files = (
			);
			runOnlyForDeploymentPostprocessing = 0;
		};
		5112EE0F209A9D5900BA3BCC /* Resources */ = {
			isa = PBXResourcesBuildPhase;
			buildActionMask = 2147483647;
			files = (
			);
			runOnlyForDeploymentPostprocessing = 0;
		};
/* End PBXResourcesBuildPhase section */

/* Begin PBXShellScriptBuildPhase section */
		312BBCF4A35E1E968849A5A8 /* [CP] Check Pods Manifest.lock */ = {
			isa = PBXShellScriptBuildPhase;
			buildActionMask = 2147483647;
			files = (
			);
			inputPaths = (
				"${PODS_PODFILE_DIR_PATH}/Podfile.lock",
				"${PODS_ROOT}/Manifest.lock",
			);
			name = "[CP] Check Pods Manifest.lock";
			outputPaths = (
				"$(DERIVED_FILE_DIR)/Pods-SmartFit-checkManifestLockResult.txt",
			);
			runOnlyForDeploymentPostprocessing = 0;
			shellPath = /bin/sh;
			shellScript = "diff \"${PODS_PODFILE_DIR_PATH}/Podfile.lock\" \"${PODS_ROOT}/Manifest.lock\" > /dev/null\nif [ $? != 0 ] ; then\n    # print error to STDERR\n    echo \"error: The sandbox is not in sync with the Podfile.lock. Run 'pod install' or update your CocoaPods installation.\" >&2\n    exit 1\nfi\n# This output is used by Xcode 'outputs' to avoid re-running this script phase.\necho \"SUCCESS\" > \"${SCRIPT_OUTPUT_FILE_0}\"\n";
			showEnvVarsInLog = 0;
		};
		5A90E15E392E0FFAC1CB4FAD /* [CP] Check Pods Manifest.lock */ = {
			isa = PBXShellScriptBuildPhase;
			buildActionMask = 2147483647;
			files = (
			);
			inputPaths = (
				"${PODS_PODFILE_DIR_PATH}/Podfile.lock",
				"${PODS_ROOT}/Manifest.lock",
			);
			name = "[CP] Check Pods Manifest.lock";
			outputPaths = (
				"$(DERIVED_FILE_DIR)/Pods-SmartFitTests-checkManifestLockResult.txt",
			);
			runOnlyForDeploymentPostprocessing = 0;
			shellPath = /bin/sh;
			shellScript = "diff \"${PODS_PODFILE_DIR_PATH}/Podfile.lock\" \"${PODS_ROOT}/Manifest.lock\" > /dev/null\nif [ $? != 0 ] ; then\n    # print error to STDERR\n    echo \"error: The sandbox is not in sync with the Podfile.lock. Run 'pod install' or update your CocoaPods installation.\" >&2\n    exit 1\nfi\n# This output is used by Xcode 'outputs' to avoid re-running this script phase.\necho \"SUCCESS\" > \"${SCRIPT_OUTPUT_FILE_0}\"\n";
			showEnvVarsInLog = 0;
		};
		6551966356B61B5C50C35D8B /* [CP] Check Pods Manifest.lock */ = {
			isa = PBXShellScriptBuildPhase;
			buildActionMask = 2147483647;
			files = (
			);
			inputPaths = (
				"${PODS_PODFILE_DIR_PATH}/Podfile.lock",
				"${PODS_ROOT}/Manifest.lock",
			);
			name = "[CP] Check Pods Manifest.lock";
			outputPaths = (
				"$(DERIVED_FILE_DIR)/Pods-SmartFitUITests-checkManifestLockResult.txt",
			);
			runOnlyForDeploymentPostprocessing = 0;
			shellPath = /bin/sh;
			shellScript = "diff \"${PODS_PODFILE_DIR_PATH}/Podfile.lock\" \"${PODS_ROOT}/Manifest.lock\" > /dev/null\nif [ $? != 0 ] ; then\n    # print error to STDERR\n    echo \"error: The sandbox is not in sync with the Podfile.lock. Run 'pod install' or update your CocoaPods installation.\" >&2\n    exit 1\nfi\n# This output is used by Xcode 'outputs' to avoid re-running this script phase.\necho \"SUCCESS\" > \"${SCRIPT_OUTPUT_FILE_0}\"\n";
			showEnvVarsInLog = 0;
		};
/* End PBXShellScriptBuildPhase section */

/* Begin PBXSourcesBuildPhase section */
		5112EDEB209A9D5900BA3BCC /* Sources */ = {
			isa = PBXSourcesBuildPhase;
			buildActionMask = 2147483647;
			files = (
				510F217820A405EB008726E1 /* SuggestionViewController.swift in Sources */,
				5112EDF5209A9D5900BA3BCC /* SurveyViewController.swift in Sources */,
				5112EDF3209A9D5900BA3BCC /* AppDelegate.swift in Sources */,
				5112EDFB209A9D5900BA3BCC /* SmartFit.xcdatamodeld in Sources */,
				515D86E820C33C18008914FA /* BarcodeViewController.swift in Sources */,
			);
			runOnlyForDeploymentPostprocessing = 0;
		};
		5112EE02209A9D5900BA3BCC /* Sources */ = {
			isa = PBXSourcesBuildPhase;
			buildActionMask = 2147483647;
			files = (
				5112EE0B209A9D5900BA3BCC /* SmartFitTests.swift in Sources */,
			);
			runOnlyForDeploymentPostprocessing = 0;
		};
		5112EE0D209A9D5900BA3BCC /* Sources */ = {
			isa = PBXSourcesBuildPhase;
			buildActionMask = 2147483647;
			files = (
				5112EE16209A9D5900BA3BCC /* SmartFitUITests.swift in Sources */,
			);
			runOnlyForDeploymentPostprocessing = 0;
		};
/* End PBXSourcesBuildPhase section */

/* Begin PBXTargetDependency section */
		5112EE08209A9D5900BA3BCC /* PBXTargetDependency */ = {
			isa = PBXTargetDependency;
			target = 5112EDEE209A9D5900BA3BCC /* SmartFit */;
			targetProxy = 5112EE07209A9D5900BA3BCC /* PBXContainerItemProxy */;
		};
		5112EE13209A9D5900BA3BCC /* PBXTargetDependency */ = {
			isa = PBXTargetDependency;
			target = 5112EDEE209A9D5900BA3BCC /* SmartFit */;
			targetProxy = 5112EE12209A9D5900BA3BCC /* PBXContainerItemProxy */;
		};
/* End PBXTargetDependency section */

/* Begin PBXVariantGroup section */
		5112EDFE209A9D5900BA3BCC /* LaunchScreen.storyboard */ = {
			isa = PBXVariantGroup;
			children = (
				5112EDFF209A9D5900BA3BCC /* Base */,
			);
			name = LaunchScreen.storyboard;
			sourceTree = "<group>";
		};
/* End PBXVariantGroup section */

/* Begin XCBuildConfiguration section */
		5112EE18209A9D5A00BA3BCC /* Debug */ = {
			isa = XCBuildConfiguration;
			buildSettings = {
				ALWAYS_SEARCH_USER_PATHS = NO;
				CLANG_ANALYZER_NONNULL = YES;
				CLANG_ANALYZER_NUMBER_OBJECT_CONVERSION = YES_AGGRESSIVE;
				CLANG_CXX_LANGUAGE_STANDARD = "gnu++14";
				CLANG_CXX_LIBRARY = "libc++";
				CLANG_ENABLE_MODULES = YES;
				CLANG_ENABLE_OBJC_ARC = YES;
				CLANG_WARN_BLOCK_CAPTURE_AUTORELEASING = YES;
				CLANG_WARN_BOOL_CONVERSION = YES;
				CLANG_WARN_COMMA = YES;
				CLANG_WARN_CONSTANT_CONVERSION = YES;
				CLANG_WARN_DIRECT_OBJC_ISA_USAGE = YES_ERROR;
				CLANG_WARN_DOCUMENTATION_COMMENTS = YES;
				CLANG_WARN_EMPTY_BODY = YES;
				CLANG_WARN_ENUM_CONVERSION = YES;
				CLANG_WARN_INFINITE_RECURSION = YES;
				CLANG_WARN_INT_CONVERSION = YES;
				CLANG_WARN_NON_LITERAL_NULL_CONVERSION = YES;
				CLANG_WARN_OBJC_LITERAL_CONVERSION = YES;
				CLANG_WARN_OBJC_ROOT_CLASS = YES_ERROR;
				CLANG_WARN_RANGE_LOOP_ANALYSIS = YES;
				CLANG_WARN_STRICT_PROTOTYPES = YES;
				CLANG_WARN_SUSPICIOUS_MOVE = YES;
				CLANG_WARN_UNGUARDED_AVAILABILITY = YES_AGGRESSIVE;
				CLANG_WARN_UNREACHABLE_CODE = YES;
				CLANG_WARN__DUPLICATE_METHOD_MATCH = YES;
				CODE_SIGN_IDENTITY = "iPhone Developer";
				COPY_PHASE_STRIP = NO;
				DEBUG_INFORMATION_FORMAT = dwarf;
				ENABLE_STRICT_OBJC_MSGSEND = YES;
				ENABLE_TESTABILITY = YES;
				GCC_C_LANGUAGE_STANDARD = gnu11;
				GCC_DYNAMIC_NO_PIC = NO;
				GCC_NO_COMMON_BLOCKS = YES;
				GCC_OPTIMIZATION_LEVEL = 0;
				GCC_PREPROCESSOR_DEFINITIONS = (
					"DEBUG=1",
					"$(inherited)",
				);
				GCC_WARN_64_TO_32_BIT_CONVERSION = YES;
				GCC_WARN_ABOUT_RETURN_TYPE = YES_ERROR;
				GCC_WARN_UNDECLARED_SELECTOR = YES;
				GCC_WARN_UNINITIALIZED_AUTOS = YES_AGGRESSIVE;
				GCC_WARN_UNUSED_FUNCTION = YES;
				GCC_WARN_UNUSED_VARIABLE = YES;
				IPHONEOS_DEPLOYMENT_TARGET = 11.2;
				MTL_ENABLE_DEBUG_INFO = YES;
				ONLY_ACTIVE_ARCH = YES;
				SDKROOT = iphoneos;
				SWIFT_ACTIVE_COMPILATION_CONDITIONS = DEBUG;
				SWIFT_OPTIMIZATION_LEVEL = "-Onone";
			};
			name = Debug;
		};
		5112EE19209A9D5A00BA3BCC /* Release */ = {
			isa = XCBuildConfiguration;
			buildSettings = {
				ALWAYS_SEARCH_USER_PATHS = NO;
				CLANG_ANALYZER_NONNULL = YES;
				CLANG_ANALYZER_NUMBER_OBJECT_CONVERSION = YES_AGGRESSIVE;
				CLANG_CXX_LANGUAGE_STANDARD = "gnu++14";
				CLANG_CXX_LIBRARY = "libc++";
				CLANG_ENABLE_MODULES = YES;
				CLANG_ENABLE_OBJC_ARC = YES;
				CLANG_WARN_BLOCK_CAPTURE_AUTORELEASING = YES;
				CLANG_WARN_BOOL_CONVERSION = YES;
				CLANG_WARN_COMMA = YES;
				CLANG_WARN_CONSTANT_CONVERSION = YES;
				CLANG_WARN_DIRECT_OBJC_ISA_USAGE = YES_ERROR;
				CLANG_WARN_DOCUMENTATION_COMMENTS = YES;
				CLANG_WARN_EMPTY_BODY = YES;
				CLANG_WARN_ENUM_CONVERSION = YES;
				CLANG_WARN_INFINITE_RECURSION = YES;
				CLANG_WARN_INT_CONVERSION = YES;
				CLANG_WARN_NON_LITERAL_NULL_CONVERSION = YES;
				CLANG_WARN_OBJC_LITERAL_CONVERSION = YES;
				CLANG_WARN_OBJC_ROOT_CLASS = YES_ERROR;
				CLANG_WARN_RANGE_LOOP_ANALYSIS = YES;
				CLANG_WARN_STRICT_PROTOTYPES = YES;
				CLANG_WARN_SUSPICIOUS_MOVE = YES;
				CLANG_WARN_UNGUARDED_AVAILABILITY = YES_AGGRESSIVE;
				CLANG_WARN_UNREACHABLE_CODE = YES;
				CLANG_WARN__DUPLICATE_METHOD_MATCH = YES;
				CODE_SIGN_IDENTITY = "iPhone Developer";
				COPY_PHASE_STRIP = NO;
				DEBUG_INFORMATION_FORMAT = "dwarf-with-dsym";
				ENABLE_NS_ASSERTIONS = NO;
				ENABLE_STRICT_OBJC_MSGSEND = YES;
				GCC_C_LANGUAGE_STANDARD = gnu11;
				GCC_NO_COMMON_BLOCKS = YES;
				GCC_WARN_64_TO_32_BIT_CONVERSION = YES;
				GCC_WARN_ABOUT_RETURN_TYPE = YES_ERROR;
				GCC_WARN_UNDECLARED_SELECTOR = YES;
				GCC_WARN_UNINITIALIZED_AUTOS = YES_AGGRESSIVE;
				GCC_WARN_UNUSED_FUNCTION = YES;
				GCC_WARN_UNUSED_VARIABLE = YES;
				IPHONEOS_DEPLOYMENT_TARGET = 11.2;
				MTL_ENABLE_DEBUG_INFO = NO;
				SDKROOT = iphoneos;
				SWIFT_OPTIMIZATION_LEVEL = "-Owholemodule";
				VALIDATE_PRODUCT = YES;
			};
			name = Release;
		};
		5112EE1B209A9D5A00BA3BCC /* Debug */ = {
			isa = XCBuildConfiguration;
			baseConfigurationReference = 01C4611798948BA297754437 /* Pods-SmartFit.debug.xcconfig */;
			buildSettings = {
				ASSETCATALOG_COMPILER_APPICON_NAME = AppIcon;
				CODE_SIGN_STYLE = Automatic;
				DEVELOPMENT_TEAM = 2J22DHF3EN;
				INFOPLIST_FILE = SmartFit/Info.plist;
				IPHONEOS_DEPLOYMENT_TARGET = 10.2;
				LD_RUNPATH_SEARCH_PATHS = "$(inherited) @executable_path/Frameworks";
				PRODUCT_BUNDLE_IDENTIFIER = com.SmartFit.simranandcatherine;
				PRODUCT_NAME = "$(TARGET_NAME)";
				SWIFT_VERSION = 4.0;
				TARGETED_DEVICE_FAMILY = "1,2";
			};
			name = Debug;
		};
		5112EE1C209A9D5A00BA3BCC /* Release */ = {
			isa = XCBuildConfiguration;
			baseConfigurationReference = 4EB538FFCC8249A03F9F521B /* Pods-SmartFit.release.xcconfig */;
			buildSettings = {
				ASSETCATALOG_COMPILER_APPICON_NAME = AppIcon;
				CODE_SIGN_STYLE = Automatic;
				DEVELOPMENT_TEAM = 2J22DHF3EN;
				INFOPLIST_FILE = SmartFit/Info.plist;
				IPHONEOS_DEPLOYMENT_TARGET = 10.2;
				LD_RUNPATH_SEARCH_PATHS = "$(inherited) @executable_path/Frameworks";
				PRODUCT_BUNDLE_IDENTIFIER = com.SmartFit.simranandcatherine;
				PRODUCT_NAME = "$(TARGET_NAME)";
				SWIFT_VERSION = 4.0;
				TARGETED_DEVICE_FAMILY = "1,2";
			};
			name = Release;
		};
		5112EE1E209A9D5A00BA3BCC /* Debug */ = {
			isa = XCBuildConfiguration;
			baseConfigurationReference = 0975E8E189BC7D029FA9DF3E /* Pods-SmartFitTests.debug.xcconfig */;
			buildSettings = {
				ALWAYS_EMBED_SWIFT_STANDARD_LIBRARIES = YES;
				BUNDLE_LOADER = "$(TEST_HOST)";
				CODE_SIGN_STYLE = Automatic;
				INFOPLIST_FILE = SmartFitTests/Info.plist;
				LD_RUNPATH_SEARCH_PATHS = "$(inherited) @executable_path/Frameworks @loader_path/Frameworks";
				PRODUCT_BUNDLE_IDENTIFIER = com.simran.SmartFitTests;
				PRODUCT_NAME = "$(TARGET_NAME)";
				SWIFT_VERSION = 4.0;
				TARGETED_DEVICE_FAMILY = "1,2";
				TEST_HOST = "$(BUILT_PRODUCTS_DIR)/SmartFit.app/SmartFit";
			};
			name = Debug;
		};
		5112EE1F209A9D5A00BA3BCC /* Release */ = {
			isa = XCBuildConfiguration;
			baseConfigurationReference = DD32DA4566B46008714B5EEA /* Pods-SmartFitTests.release.xcconfig */;
			buildSettings = {
				ALWAYS_EMBED_SWIFT_STANDARD_LIBRARIES = YES;
				BUNDLE_LOADER = "$(TEST_HOST)";
				CODE_SIGN_STYLE = Automatic;
				INFOPLIST_FILE = SmartFitTests/Info.plist;
				LD_RUNPATH_SEARCH_PATHS = "$(inherited) @executable_path/Frameworks @loader_path/Frameworks";
				PRODUCT_BUNDLE_IDENTIFIER = com.simran.SmartFitTests;
				PRODUCT_NAME = "$(TARGET_NAME)";
				SWIFT_VERSION = 4.0;
				TARGETED_DEVICE_FAMILY = "1,2";
				TEST_HOST = "$(BUILT_PRODUCTS_DIR)/SmartFit.app/SmartFit";
			};
			name = Release;
		};
		5112EE21209A9D5A00BA3BCC /* Debug */ = {
			isa = XCBuildConfiguration;
			baseConfigurationReference = 29AF135CD72A92E338859950 /* Pods-SmartFitUITests.debug.xcconfig */;
			buildSettings = {
				ALWAYS_EMBED_SWIFT_STANDARD_LIBRARIES = YES;
				CODE_SIGN_STYLE = Automatic;
				INFOPLIST_FILE = SmartFitUITests/Info.plist;
				LD_RUNPATH_SEARCH_PATHS = "$(inherited) @executable_path/Frameworks @loader_path/Frameworks";
				PRODUCT_BUNDLE_IDENTIFIER = com.simran.SmartFitUITests;
				PRODUCT_NAME = "$(TARGET_NAME)";
				SWIFT_VERSION = 4.0;
				TARGETED_DEVICE_FAMILY = "1,2";
				TEST_TARGET_NAME = SmartFit;
			};
			name = Debug;
		};
		5112EE22209A9D5A00BA3BCC /* Release */ = {
			isa = XCBuildConfiguration;
			baseConfigurationReference = AF6C7FF866C0E285D5DE96C2 /* Pods-SmartFitUITests.release.xcconfig */;
			buildSettings = {
				ALWAYS_EMBED_SWIFT_STANDARD_LIBRARIES = YES;
				CODE_SIGN_STYLE = Automatic;
				INFOPLIST_FILE = SmartFitUITests/Info.plist;
				LD_RUNPATH_SEARCH_PATHS = "$(inherited) @executable_path/Frameworks @loader_path/Frameworks";
				PRODUCT_BUNDLE_IDENTIFIER = com.simran.SmartFitUITests;
				PRODUCT_NAME = "$(TARGET_NAME)";
				SWIFT_VERSION = 4.0;
				TARGETED_DEVICE_FAMILY = "1,2";
				TEST_TARGET_NAME = SmartFit;
			};
			name = Release;
		};
/* End XCBuildConfiguration section */

/* Begin XCConfigurationList section */
		5112EDEA209A9D5900BA3BCC /* Build configuration list for PBXProject "SmartFit" */ = {
			isa = XCConfigurationList;
			buildConfigurations = (
				5112EE18209A9D5A00BA3BCC /* Debug */,
				5112EE19209A9D5A00BA3BCC /* Release */,
			);
			defaultConfigurationIsVisible = 0;
			defaultConfigurationName = Release;
		};
		5112EE1A209A9D5A00BA3BCC /* Build configuration list for PBXNativeTarget "SmartFit" */ = {
			isa = XCConfigurationList;
			buildConfigurations = (
				5112EE1B209A9D5A00BA3BCC /* Debug */,
				5112EE1C209A9D5A00BA3BCC /* Release */,
			);
			defaultConfigurationIsVisible = 0;
			defaultConfigurationName = Release;
		};
		5112EE1D209A9D5A00BA3BCC /* Build configuration list for PBXNativeTarget "SmartFitTests" */ = {
			isa = XCConfigurationList;
			buildConfigurations = (
				5112EE1E209A9D5A00BA3BCC /* Debug */,
				5112EE1F209A9D5A00BA3BCC /* Release */,
			);
			defaultConfigurationIsVisible = 0;
			defaultConfigurationName = Release;
		};
		5112EE20209A9D5A00BA3BCC /* Build configuration list for PBXNativeTarget "SmartFitUITests" */ = {
			isa = XCConfigurationList;
			buildConfigurations = (
				5112EE21209A9D5A00BA3BCC /* Debug */,
				5112EE22209A9D5A00BA3BCC /* Release */,
			);
			defaultConfigurationIsVisible = 0;
			defaultConfigurationName = Release;
		};
/* End XCConfigurationList section */

/* Begin XCVersionGroup section */
		5112EDF9209A9D5900BA3BCC /* SmartFit.xcdatamodeld */ = {
			isa = XCVersionGroup;
			children = (
				5112EDFA209A9D5900BA3BCC /* SmartFit.xcdatamodel */,
			);
			currentVersion = 5112EDFA209A9D5900BA3BCC /* SmartFit.xcdatamodel */;
			path = SmartFit.xcdatamodeld;
			sourceTree = "<group>";
			versionGroupType = wrapper.xcdatamodel;
		};
/* End XCVersionGroup section */
	};
	rootObject = 5112EDE7209A9D5900BA3BCC /* Project object */;
}
